// !$*UTF8*$!
{
	archiveVersion = 1;
	classes = {
	};
	objectVersion = 46;
	objects = {

/* Begin PBXBuildFile section */
		76380F8917BFEA770061C1E2 /* RPController.m in Sources */ = {isa = PBXBuildFile; fileRef = 76380F8817BFEA770061C1E2 /* RPController.m */; };
		76380F9417BFED240061C1E2 /* RPObject.m in Sources */ = {isa = PBXBuildFile; fileRef = 76380F9317BFED240061C1E2 /* RPObject.m */; };
		76380F9817BFED4C0061C1E2 /* RPMesh.m in Sources */ = {isa = PBXBuildFile; fileRef = 76380F9717BFED4C0061C1E2 /* RPMesh.m */; };
		76380F9D17BFEDA90061C1E2 /* GLProgram.m in Sources */ = {isa = PBXBuildFile; fileRef = 76380F9A17BFEDA90061C1E2 /* GLProgram.m */; };
		76380F9E17BFEDA90061C1E2 /* GLTexture.m in Sources */ = {isa = PBXBuildFile; fileRef = 76380F9C17BFEDA90061C1E2 /* GLTexture.m */; };
		76759D3217B6C1C0006775A7 /* OpenGL.framework in Frameworks */ = {isa = PBXBuildFile; fileRef = 76759D3117B6C1C0006775A7 /* OpenGL.framework */; };
		76759D3717B6C1D3006775A7 /* Quartz.framework in Frameworks */ = {isa = PBXBuildFile; fileRef = 76759D3517B6C1D3006775A7 /* Quartz.framework */; };
		76759D3817B6C1D3006775A7 /* QuartzCore.framework in Frameworks */ = {isa = PBXBuildFile; fileRef = 76759D3617B6C1D3006775A7 /* QuartzCore.framework */; };
		76759D3917B6C1E2006775A7 /* AppKit.framework in Frameworks */ = {isa = PBXBuildFile; fileRef = 76F4B99617B6A11600D111B9 /* AppKit.framework */; };
		76759D3C17B7F90F006775A7 /* RPGLView.m in Sources */ = {isa = PBXBuildFile; fileRef = 76759D3B17B7F90F006775A7 /* RPGLView.m */; };
		76759D3E17B802E0006775A7 /* GLKit.framework in Frameworks */ = {isa = PBXBuildFile; fileRef = 76759D3D17B802E0006775A7 /* GLKit.framework */; };
		768DF29117C1336A00784B03 /* RPShader.m in Sources */ = {isa = PBXBuildFile; fileRef = 768DF29017C1336A00784B03 /* RPShader.m */; };
		768DF29717C161FC00784B03 /* Basic.fsh in Resources */ = {isa = PBXBuildFile; fileRef = 768DF29317C161C200784B03 /* Basic.fsh */; };
		768DF29817C161FC00784B03 /* Basic.vsh in Resources */ = {isa = PBXBuildFile; fileRef = 768DF29417C161C200784B03 /* Basic.vsh */; };
		76F4B99417B6A11600D111B9 /* Cocoa.framework in Frameworks */ = {isa = PBXBuildFile; fileRef = 76F4B99317B6A11600D111B9 /* Cocoa.framework */; };
		76F4B99E17B6A11600D111B9 /* InfoPlist.strings in Resources */ = {isa = PBXBuildFile; fileRef = 76F4B99C17B6A11600D111B9 /* InfoPlist.strings */; };
		76F4B9A017B6A11600D111B9 /* main.m in Sources */ = {isa = PBXBuildFile; fileRef = 76F4B99F17B6A11600D111B9 /* main.m */; };
		76F4B9A417B6A11600D111B9 /* Credits.rtf in Resources */ = {isa = PBXBuildFile; fileRef = 76F4B9A217B6A11600D111B9 /* Credits.rtf */; };
		76F4B9A717B6A11600D111B9 /* RPAppDelegate.m in Sources */ = {isa = PBXBuildFile; fileRef = 76F4B9A617B6A11600D111B9 /* RPAppDelegate.m */; };
		76F4B9AA17B6A11600D111B9 /* MainMenu.xib in Resources */ = {isa = PBXBuildFile; fileRef = 76F4B9A817B6A11600D111B9 /* MainMenu.xib */; };
/* End PBXBuildFile section */

/* Begin PBXFileReference section */
		76380F8717BFEA770061C1E2 /* RPController.h */ = {isa = PBXFileReference; fileEncoding = 4; lastKnownFileType = sourcecode.c.h; path = RPController.h; sourceTree = "<group>"; };
		76380F8817BFEA770061C1E2 /* RPController.m */ = {isa = PBXFileReference; fileEncoding = 4; lastKnownFileType = sourcecode.c.objc; path = RPController.m; sourceTree = "<group>"; };
		76380F9217BFED240061C1E2 /* RPObject.h */ = {isa = PBXFileReference; fileEncoding = 4; lastKnownFileType = sourcecode.c.h; name = RPObject.h; path = objects/RPObject.h; sourceTree = "<group>"; };
		76380F9317BFED240061C1E2 /* RPObject.m */ = {isa = PBXFileReference; fileEncoding = 4; lastKnownFileType = sourcecode.c.objc; name = RPObject.m; path = objects/RPObject.m; sourceTree = "<group>"; };
		76380F9617BFED4C0061C1E2 /* RPMesh.h */ = {isa = PBXFileReference; fileEncoding = 4; lastKnownFileType = sourcecode.c.h; name = RPMesh.h; path = objects/RPMesh.h; sourceTree = "<group>"; };
		76380F9717BFED4C0061C1E2 /* RPMesh.m */ = {isa = PBXFileReference; fileEncoding = 4; lastKnownFileType = sourcecode.c.objc; name = RPMesh.m; path = objects/RPMesh.m; sourceTree = "<group>"; };
		76380F9917BFEDA90061C1E2 /* GLProgram.h */ = {isa = PBXFileReference; fileEncoding = 4; lastKnownFileType = sourcecode.c.h; name = GLProgram.h; path = gl/GLProgram.h; sourceTree = "<group>"; };
		76380F9A17BFEDA90061C1E2 /* GLProgram.m */ = {isa = PBXFileReference; fileEncoding = 4; lastKnownFileType = sourcecode.c.objc; name = GLProgram.m; path = gl/GLProgram.m; sourceTree = "<group>"; };
		76380F9B17BFEDA90061C1E2 /* GLTexture.h */ = {isa = PBXFileReference; fileEncoding = 4; lastKnownFileType = sourcecode.c.h; name = GLTexture.h; path = gl/GLTexture.h; sourceTree = "<group>"; };
		76380F9C17BFEDA90061C1E2 /* GLTexture.m */ = {isa = PBXFileReference; fileEncoding = 4; lastKnownFileType = sourcecode.c.objc; name = GLTexture.m; path = gl/GLTexture.m; sourceTree = "<group>"; };
		76759D3117B6C1C0006775A7 /* OpenGL.framework */ = {isa = PBXFileReference; lastKnownFileType = wrapper.framework; name = OpenGL.framework; path = System/Library/Frameworks/OpenGL.framework; sourceTree = SDKROOT; };
		76759D3317B6C1C8006775A7 /* OpenAL.framework */ = {isa = PBXFileReference; lastKnownFileType = wrapper.framework; name = OpenAL.framework; path = System/Library/Frameworks/OpenAL.framework; sourceTree = SDKROOT; };
		76759D3517B6C1D3006775A7 /* Quartz.framework */ = {isa = PBXFileReference; lastKnownFileType = wrapper.framework; name = Quartz.framework; path = System/Library/Frameworks/Quartz.framework; sourceTree = SDKROOT; };
		76759D3617B6C1D3006775A7 /* QuartzCore.framework */ = {isa = PBXFileReference; lastKnownFileType = wrapper.framework; name = QuartzCore.framework; path = System/Library/Frameworks/QuartzCore.framework; sourceTree = SDKROOT; };
		76759D3A17B7F90F006775A7 /* RPGLView.h */ = {isa = PBXFileReference; fileEncoding = 4; lastKnownFileType = sourcecode.c.h; name = RPGLView.h; path = views/RPGLView.h; sourceTree = "<group>"; };
		76759D3B17B7F90F006775A7 /* RPGLView.m */ = {isa = PBXFileReference; fileEncoding = 4; lastKnownFileType = sourcecode.c.objc; name = RPGLView.m; path = views/RPGLView.m; sourceTree = "<group>"; };
		76759D3D17B802E0006775A7 /* GLKit.framework */ = {isa = PBXFileReference; lastKnownFileType = wrapper.framework; name = GLKit.framework; path = System/Library/Frameworks/GLKit.framework; sourceTree = SDKROOT; };
		768DF28F17C1336A00784B03 /* RPShader.h */ = {isa = PBXFileReference; fileEncoding = 4; lastKnownFileType = sourcecode.c.h; name = RPShader.h; path = birthday/shaders/RPShader.h; sourceTree = SOURCE_ROOT; };
		768DF29017C1336A00784B03 /* RPShader.m */ = {isa = PBXFileReference; fileEncoding = 4; lastKnownFileType = sourcecode.c.objc; name = RPShader.m; path = birthday/shaders/RPShader.m; sourceTree = SOURCE_ROOT; };
		768DF29217C15C2500784B03 /* disney.h */ = {isa = PBXFileReference; fileEncoding = 4; lastKnownFileType = sourcecode.c.h; name = disney.h; path = mesh/disney.h; sourceTree = "<group>"; };
		768DF29317C161C200784B03 /* Basic.fsh */ = {isa = PBXFileReference; fileEncoding = 4; lastKnownFileType = sourcecode.glsl; name = Basic.fsh; path = mesh/Basic.fsh; sourceTree = "<group>"; };
		768DF29417C161C200784B03 /* Basic.vsh */ = {isa = PBXFileReference; fileEncoding = 4; lastKnownFileType = sourcecode.glsl; name = Basic.vsh; path = mesh/Basic.vsh; sourceTree = "<group>"; };
		768DF29917C1626000784B03 /* baseMeshs.h */ = {isa = PBXFileReference; fileEncoding = 4; lastKnownFileType = sourcecode.c.h; name = baseMeshs.h; path = mesh/baseMeshs.h; sourceTree = "<group>"; };
		76F4B99017B6A11600D111B9 /* birthday.app */ = {isa = PBXFileReference; explicitFileType = wrapper.application; includeInIndex = 0; path = birthday.app; sourceTree = BUILT_PRODUCTS_DIR; };
		76F4B99317B6A11600D111B9 /* Cocoa.framework */ = {isa = PBXFileReference; lastKnownFileType = wrapper.framework; name = Cocoa.framework; path = System/Library/Frameworks/Cocoa.framework; sourceTree = SDKROOT; };
		76F4B99617B6A11600D111B9 /* AppKit.framework */ = {isa = PBXFileReference; lastKnownFileType = wrapper.framework; name = AppKit.framework; path = System/Library/Frameworks/AppKit.framework; sourceTree = SDKROOT; };
		76F4B99717B6A11600D111B9 /* CoreData.framework */ = {isa = PBXFileReference; lastKnownFileType = wrapper.framework; name = CoreData.framework; path = System/Library/Frameworks/CoreData.framework; sourceTree = SDKROOT; };
		76F4B99817B6A11600D111B9 /* Foundation.framework */ = {isa = PBXFileReference; lastKnownFileType = wrapper.framework; name = Foundation.framework; path = System/Library/Frameworks/Foundation.framework; sourceTree = SDKROOT; };
		76F4B99B17B6A11600D111B9 /* birthday-Info.plist */ = {isa = PBXFileReference; lastKnownFileType = text.plist.xml; path = "birthday-Info.plist"; sourceTree = "<group>"; };
		76F4B99D17B6A11600D111B9 /* en */ = {isa = PBXFileReference; lastKnownFileType = text.plist.strings; name = en; path = en.lproj/InfoPlist.strings; sourceTree = "<group>"; };
		76F4B99F17B6A11600D111B9 /* main.m */ = {isa = PBXFileReference; lastKnownFileType = sourcecode.c.objc; path = main.m; sourceTree = "<group>"; };
		76F4B9A117B6A11600D111B9 /* birthday-Prefix.pch */ = {isa = PBXFileReference; lastKnownFileType = sourcecode.c.h; path = "birthday-Prefix.pch"; sourceTree = "<group>"; };
		76F4B9A317B6A11600D111B9 /* en */ = {isa = PBXFileReference; lastKnownFileType = text.rtf; name = en; path = en.lproj/Credits.rtf; sourceTree = "<group>"; };
		76F4B9A517B6A11600D111B9 /* RPAppDelegate.h */ = {isa = PBXFileReference; lastKnownFileType = sourcecode.c.h; path = RPAppDelegate.h; sourceTree = "<group>"; };
		76F4B9A617B6A11600D111B9 /* RPAppDelegate.m */ = {isa = PBXFileReference; lastKnownFileType = sourcecode.c.objc; path = RPAppDelegate.m; sourceTree = "<group>"; };
		76F4B9A917B6A11600D111B9 /* en */ = {isa = PBXFileReference; lastKnownFileType = file.xib; name = en; path = en.lproj/MainMenu.xib; sourceTree = "<group>"; };
		76F4B9B017B6A12300D111B9 /* birthday.entitlements */ = {isa = PBXFileReference; lastKnownFileType = text.xml; path = birthday.entitlements; sourceTree = "<group>"; };
/* End PBXFileReference section */

/* Begin PBXFrameworksBuildPhase section */
		76F4B98D17B6A11600D111B9 /* Frameworks */ = {
			isa = PBXFrameworksBuildPhase;
			buildActionMask = 2147483647;
			files = (
				76759D3E17B802E0006775A7 /* GLKit.framework in Frameworks */,
				76759D3917B6C1E2006775A7 /* AppKit.framework in Frameworks */,
				76759D3717B6C1D3006775A7 /* Quartz.framework in Frameworks */,
				76759D3817B6C1D3006775A7 /* QuartzCore.framework in Frameworks */,
				76759D3217B6C1C0006775A7 /* OpenGL.framework in Frameworks */,
				76F4B99417B6A11600D111B9 /* Cocoa.framework in Frameworks */,
			);
			runOnlyForDeploymentPostprocessing = 0;
		};
/* End PBXFrameworksBuildPhase section */

/* Begin PBXGroup section */
		76380F8617BFEA770061C1E2 /* controller */ = {
			isa = PBXGroup;
			children = (
				76380F8717BFEA770061C1E2 /* RPController.h */,
				76380F8817BFEA770061C1E2 /* RPController.m */,
				768DF28F17C1336A00784B03 /* RPShader.h */,
				768DF29017C1336A00784B03 /* RPShader.m */,
			);
			path = controller;
			sourceTree = "<group>";
		};
		76380F8A17BFEA7D0061C1E2 /* view */ = {
			isa = PBXGroup;
			children = (
				76759D3A17B7F90F006775A7 /* RPGLView.h */,
				76759D3B17B7F90F006775A7 /* RPGLView.m */,
			);
			name = view;
			sourceTree = "<group>";
		};
		76380F8B17BFEA880061C1E2 /* vendor */ = {
			isa = PBXGroup;
			children = (
				76F4B9B017B6A12300D111B9 /* birthday.entitlements */,
			);
			name = vendor;
			sourceTree = "<group>";
		};
		76380F8C17BFEA930061C1E2 /* app delegate */ = {
			isa = PBXGroup;
			children = (
				76F4B9A817B6A11600D111B9 /* MainMenu.xib */,
				76F4B9A517B6A11600D111B9 /* RPAppDelegate.h */,
				76F4B9A617B6A11600D111B9 /* RPAppDelegate.m */,
			);
			name = "app delegate";
			sourceTree = "<group>";
		};
		76380F8D17BFECE10061C1E2 /* objects */ = {
			isa = PBXGroup;
			children = (
				76380F9217BFED240061C1E2 /* RPObject.h */,
				76380F9317BFED240061C1E2 /* RPObject.m */,
				76380F9617BFED4C0061C1E2 /* RPMesh.h */,
				76380F9717BFED4C0061C1E2 /* RPMesh.m */,
				768DF29217C15C2500784B03 /* disney.h */,
				768DF29917C1626000784B03 /* baseMeshs.h */,
				768DF29317C161C200784B03 /* Basic.fsh */,
				768DF29417C161C200784B03 /* Basic.vsh */,
			);
			name = objects;
			sourceTree = "<group>";
		};
		76380F8E17BFECE90061C1E2 /* render */ = {
			isa = PBXGroup;
			children = (
			);
			name = render;
			sourceTree = "<group>";
		};
		76380F9517BFED370061C1E2 /* gl */ = {
			isa = PBXGroup;
			children = (
				76380F9917BFEDA90061C1E2 /* GLProgram.h */,
				76380F9A17BFEDA90061C1E2 /* GLProgram.m */,
				76380F9B17BFEDA90061C1E2 /* GLTexture.h */,
				76380F9C17BFEDA90061C1E2 /* GLTexture.m */,
			);
			name = gl;
			sourceTree = "<group>";
		};
		76380F9F17BFEDBF0061C1E2 /* main */ = {
			isa = PBXGroup;
			children = (
				76F4B99F17B6A11600D111B9 /* main.m */,
				76F4B99B17B6A11600D111B9 /* birthday-Info.plist */,
				76F4B9A117B6A11600D111B9 /* birthday-Prefix.pch */,
				76F4B99C17B6A11600D111B9 /* InfoPlist.strings */,
			);
			name = main;
			sourceTree = "<group>";
		};
		76F4B98717B6A11600D111B9 = {
			isa = PBXGroup;
			children = (
				76F4B99917B6A11600D111B9 /* birthday */,
				76F4B99A17B6A11600D111B9 /* Supporting Files */,
			);
			sourceTree = "<group>";
		};
		76F4B99117B6A11600D111B9 /* Products */ = {
			isa = PBXGroup;
			children = (
				76F4B99017B6A11600D111B9 /* birthday.app */,
			);
			name = Products;
			path = ..;
			sourceTree = "<group>";
		};
		76F4B99217B6A11600D111B9 /* Frameworks */ = {
			isa = PBXGroup;
			children = (
				76F4B99317B6A11600D111B9 /* Cocoa.framework */,
				76F4B99517B6A11600D111B9 /* Other Frameworks */,
			);
			name = Frameworks;
			path = ..;
			sourceTree = "<group>";
		};
		76F4B99517B6A11600D111B9 /* Other Frameworks */ = {
			isa = PBXGroup;
			children = (
				76759D3D17B802E0006775A7 /* GLKit.framework */,
				76759D3517B6C1D3006775A7 /* Quartz.framework */,
				76759D3617B6C1D3006775A7 /* QuartzCore.framework */,
				76759D3317B6C1C8006775A7 /* OpenAL.framework */,
				76759D3117B6C1C0006775A7 /* OpenGL.framework */,
				76F4B99617B6A11600D111B9 /* AppKit.framework */,
				76F4B99717B6A11600D111B9 /* CoreData.framework */,
				76F4B99817B6A11600D111B9 /* Foundation.framework */,
			);
			name = "Other Frameworks";
			sourceTree = "<group>";
		};
		76F4B99917B6A11600D111B9 /* birthday */ = {
			isa = PBXGroup;
			children = (
				76380F8E17BFECE90061C1E2 /* render */,
				76380F8D17BFECE10061C1E2 /* objects */,
				76380F8C17BFEA930061C1E2 /* app delegate */,
				76380F8B17BFEA880061C1E2 /* vendor */,
				76380F8A17BFEA7D0061C1E2 /* view */,
				76380F8617BFEA770061C1E2 /* controller */,
			);
			path = birthday;
			sourceTree = "<group>";
		};
		76F4B99A17B6A11600D111B9 /* Supporting Files */ = {
			isa = PBXGroup;
			children = (
				76380F9517BFED370061C1E2 /* gl */,
				76F4B99217B6A11600D111B9 /* Frameworks */,
				76F4B99117B6A11600D111B9 /* Products */,
				76380F9F17BFEDBF0061C1E2 /* main */,
				76F4B9A217B6A11600D111B9 /* Credits.rtf */,
			);
			name = "Supporting Files";
			path = birthday;
			sourceTree = "<group>";
		};
/* End PBXGroup section */

/* Begin PBXNativeTarget section */
		76F4B98F17B6A11600D111B9 /* birthday */ = {
			isa = PBXNativeTarget;
			buildConfigurationList = 76F4B9AD17B6A11600D111B9 /* Build configuration list for PBXNativeTarget "birthday" */;
			buildPhases = (
				76F4B98C17B6A11600D111B9 /* Sources */,
				76F4B98D17B6A11600D111B9 /* Frameworks */,
				76F4B98E17B6A11600D111B9 /* Resources */,
			);
			buildRules = (
			);
			dependencies = (
			);
			name = birthday;
			productName = birthday;
			productReference = 76F4B99017B6A11600D111B9 /* birthday.app */;
			productType = "com.apple.product-type.application";
		};
/* End PBXNativeTarget section */

/* Begin PBXProject section */
		76F4B98817B6A11600D111B9 /* Project object */ = {
			isa = PBXProject;
			attributes = {
				CLASSPREFIX = RP;
				LastUpgradeCheck = 0460;
				ORGANIZATIONNAME = "Chris Allen";
			};
			buildConfigurationList = 76F4B98B17B6A11600D111B9 /* Build configuration list for PBXProject "birthday" */;
			compatibilityVersion = "Xcode 3.2";
			developmentRegion = English;
			hasScannedForEncodings = 0;
			knownRegions = (
				en,
			);
			mainGroup = 76F4B98717B6A11600D111B9;
			productRefGroup = 76F4B99117B6A11600D111B9 /* Products */;
			projectDirPath = "";
			projectRoot = "";
			targets = (
				76F4B98F17B6A11600D111B9 /* birthday */,
			);
		};
/* End PBXProject section */

/* Begin PBXResourcesBuildPhase section */
		76F4B98E17B6A11600D111B9 /* Resources */ = {
			isa = PBXResourcesBuildPhase;
			buildActionMask = 2147483647;
			files = (
				76F4B99E17B6A11600D111B9 /* InfoPlist.strings in Resources */,
				768DF29717C161FC00784B03 /* Basic.fsh in Resources */,
				768DF29817C161FC00784B03 /* Basic.vsh in Resources */,
				76F4B9A417B6A11600D111B9 /* Credits.rtf in Resources */,
				76F4B9AA17B6A11600D111B9 /* MainMenu.xib in Resources */,
			);
			runOnlyForDeploymentPostprocessing = 0;
		};
/* End PBXResourcesBuildPhase section */

/* Begin PBXSourcesBuildPhase section */
		76F4B98C17B6A11600D111B9 /* Sources */ = {
			isa = PBXSourcesBuildPhase;
			buildActionMask = 2147483647;
			files = (
				76F4B9A017B6A11600D111B9 /* main.m in Sources */,
				76F4B9A717B6A11600D111B9 /* RPAppDelegate.m in Sources */,
				76759D3C17B7F90F006775A7 /* RPGLView.m in Sources */,
				76380F8917BFEA770061C1E2 /* RPController.m in Sources */,
				76380F9417BFED240061C1E2 /* RPObject.m in Sources */,
				76380F9817BFED4C0061C1E2 /* RPMesh.m in Sources */,
				76380F9D17BFEDA90061C1E2 /* GLProgram.m in Sources */,
				76380F9E17BFEDA90061C1E2 /* GLTexture.m in Sources */,
				768DF29117C1336A00784B03 /* RPShader.m in Sources */,
			);
			runOnlyForDeploymentPostprocessing = 0;
		};
/* End PBXSourcesBuildPhase section */

/* Begin PBXVariantGroup section */
		76F4B99C17B6A11600D111B9 /* InfoPlist.strings */ = {
			isa = PBXVariantGroup;
			children = (
				76F4B99D17B6A11600D111B9 /* en */,
			);
			name = InfoPlist.strings;
			sourceTree = "<group>";
		};
		76F4B9A217B6A11600D111B9 /* Credits.rtf */ = {
			isa = PBXVariantGroup;
			children = (
				76F4B9A317B6A11600D111B9 /* en */,
			);
			name = Credits.rtf;
			sourceTree = "<group>";
		};
		76F4B9A817B6A11600D111B9 /* MainMenu.xib */ = {
			isa = PBXVariantGroup;
			children = (
				76F4B9A917B6A11600D111B9 /* en */,
			);
			name = MainMenu.xib;
			sourceTree = "<group>";
		};
/* End PBXVariantGroup section */

/* Begin XCBuildConfiguration section */
		76F4B9AB17B6A11600D111B9 /* Debug */ = {
			isa = XCBuildConfiguration;
			buildSettings = {
				ALWAYS_SEARCH_USER_PATHS = NO;
				ARCHS = "$(ARCHS_STANDARD_64_BIT)";
				CLANG_CXX_LANGUAGE_STANDARD = "gnu++0x";
				CLANG_CXX_LIBRARY = "libc++";
				CLANG_WARN_CONSTANT_CONVERSION = YES;
				CLANG_WARN_EMPTY_BODY = YES;
				CLANG_WARN_ENUM_CONVERSION = YES;
				CLANG_WARN_INT_CONVERSION = YES;
				CLANG_WARN__DUPLICATE_METHOD_MATCH = YES;
				CODE_SIGN_IDENTITY = "Mac Developer: chris Allen (LU925AWLCU)";
				COPY_PHASE_STRIP = NO;
				GCC_C_LANGUAGE_STANDARD = gnu99;
				GCC_DYNAMIC_NO_PIC = NO;
				GCC_ENABLE_OBJC_EXCEPTIONS = YES;
				GCC_OPTIMIZATION_LEVEL = 0;
				GCC_PREPROCESSOR_DEFINITIONS = (
					"DEBUG=1",
					"$(inherited)",
				);
				GCC_SYMBOLS_PRIVATE_EXTERN = NO;
				GCC_WARN_64_TO_32_BIT_CONVERSION = YES;
				GCC_WARN_ABOUT_RETURN_TYPE = YES;
				GCC_WARN_UNINITIALIZED_AUTOS = YES;
				GCC_WARN_UNUSED_VARIABLE = YES;
				MACOSX_DEPLOYMENT_TARGET = 10.8;
				ONLY_ACTIVE_ARCH = YES;
				PROVISIONING_PROFILE = "";
				SDKROOT = macosx;
			};
			name = Debug;
		};
		76F4B9AC17B6A11600D111B9 /* Release */ = {
			isa = XCBuildConfiguration;
			buildSettings = {
				ALWAYS_SEARCH_USER_PATHS = NO;
				ARCHS = "$(ARCHS_STANDARD_64_BIT)";
				CLANG_CXX_LANGUAGE_STANDARD = "gnu++0x";
				CLANG_CXX_LIBRARY = "libc++";
				CLANG_WARN_CONSTANT_CONVERSION = YES;
				CLANG_WARN_EMPTY_BODY = YES;
				CLANG_WARN_ENUM_CONVERSION = YES;
				CLANG_WARN_INT_CONVERSION = YES;
				CLANG_WARN__DUPLICATE_METHOD_MATCH = YES;
				CODE_SIGN_IDENTITY = "Mac Developer: chris Allen (LU925AWLCU)";
				COPY_PHASE_STRIP = YES;
				DEBUG_INFORMATION_FORMAT = "dwarf-with-dsym";
				GCC_C_LANGUAGE_STANDARD = gnu99;
				GCC_ENABLE_OBJC_EXCEPTIONS = YES;
				GCC_WARN_64_TO_32_BIT_CONVERSION = YES;
				GCC_WARN_ABOUT_RETURN_TYPE = YES;
				GCC_WARN_UNINITIALIZED_AUTOS = YES;
				GCC_WARN_UNUSED_VARIABLE = YES;
				MACOSX_DEPLOYMENT_TARGET = 10.8;
				PROVISIONING_PROFILE = "";
				SDKROOT = macosx;
			};
			name = Release;
		};
		76F4B9AE17B6A11600D111B9 /* Debug */ = {
			isa = XCBuildConfiguration;
			buildSettings = {
				CODE_SIGN_ENTITLEMENTS = birthday/birthday.entitlements;
				CODE_SIGN_IDENTITY = "Mac Developer";
				COMBINE_HIDPI_IMAGES = YES;
				GCC_PRECOMPILE_PREFIX_HEADER = YES;
				GCC_PREFIX_HEADER = "birthday/birthday-Prefix.pch";
				INFOPLIST_FILE = "birthday/birthday-Info.plist";
				PRODUCT_NAME = "$(TARGET_NAME)";
				WRAPPER_EXTENSION = app;
			};
			name = Debug;
		};
		76F4B9AF17B6A11600D111B9 /* Release */ = {
			isa = XCBuildConfiguration;
			buildSettings = {
				CODE_SIGN_ENTITLEMENTS = birthday/birthday.entitlements;
				CODE_SIGN_IDENTITY = "Mac Developer";
				COMBINE_HIDPI_IMAGES = YES;
				GCC_PRECOMPILE_PREFIX_HEADER = YES;
				GCC_PREFIX_HEADER = "birthday/birthday-Prefix.pch";
				INFOPLIST_FILE = "birthday/birthday-Info.plist";
				PRODUCT_NAME = "$(TARGET_NAME)";
				WRAPPER_EXTENSION = app;
			};
			name = Release;
		};
/* End XCBuildConfiguration section */

/* Begin XCConfigurationList section */
		76F4B98B17B6A11600D111B9 /* Build configuration list for PBXProject "birthday" */ = {
			isa = XCConfigurationList;
			buildConfigurations = (
				76F4B9AB17B6A11600D111B9 /* Debug */,
				76F4B9AC17B6A11600D111B9 /* Release */,
			);
			defaultConfigurationIsVisible = 0;
			defaultConfigurationName = Release;
		};
		76F4B9AD17B6A11600D111B9 /* Build configuration list for PBXNativeTarget "birthday" */ = {
			isa = XCConfigurationList;
			buildConfigurations = (
				76F4B9AE17B6A11600D111B9 /* Debug */,
				76F4B9AF17B6A11600D111B9 /* Release */,
			);
			defaultConfigurationIsVisible = 0;
			defaultConfigurationName = Release;
		};
/* End XCConfigurationList section */
	};
	rootObject = 76F4B98817B6A11600D111B9 /* Project object */;
}
